
Microsoft Visual Studio Solution File, Format Version 12.00
# Visual Studio 2013
VisualStudioVersion = 12.0.21005.1
MinimumVisualStudioVersion = 10.0.40219.1
Project("{FAE04EC0-301F-11D3-BF4B-00C04F79EFBC}") = "TrainingSimulator", "TrainingSimulator\TrainingSimulator.csproj", "{6150854D-1713-4179-9B52-916B88BA475D}"
EndProject
Project("{FAE04EC0-301F-11D3-BF4B-00C04F79EFBC}") = "UI", "UI\UI.csproj", "{97D10E8D-B124-4621-8CBD-19ED2D6BA2F9}"
EndProject
Project("{FAE04EC0-301F-11D3-BF4B-00C04F79EFBC}") = "DomainObjects", "DomainObjects\DomainObjects.csproj", "{EFAB3F03-707D-491B-828E-9E9BFAA0FABF}"
EndProject
Project("{FAE04EC0-301F-11D3-BF4B-00C04F79EFBC}") = "Helpers", "Helpers\Helpers.csproj", "{EB476EB8-B7F1-4CC2-B941-7362EB4FA50A}"
EndProject
Global
	GlobalSection(SolutionConfigurationPlatforms) = preSolution
		Debug|Any CPU = Debug|Any CPU
		Release|Any CPU = Release|Any CPU
	EndGlobalSection
	GlobalSection(ProjectConfigurationPlatforms) = postSolution
		{6150854D-1713-4179-9B52-916B88BA475D}.Debug|Any CPU.ActiveCfg = Debug|Any CPU
		{6150854D-1713-4179-9B52-916B88BA475D}.Debug|Any CPU.Build.0 = Debug|Any CPU
		{6150854D-1713-4179-9B52-916B88BA475D}.Release|Any CPU.ActiveCfg = Release|Any CPU
		{6150854D-1713-4179-9B52-916B88BA475D}.Release|Any CPU.Build.0 = Release|Any CPU
		{97D10E8D-B124-4621-8CBD-19ED2D6BA2F9}.Debug|Any CPU.ActiveCfg = Debug|Any CPU
		{97D10E8D-B124-4621-8CBD-19ED2D6BA2F9}.Debug|Any CPU.Build.0 = Debug|Any CPU
		{97D10E8D-B124-4621-8CBD-19ED2D6BA2F9}.Release|Any CPU.ActiveCfg = Release|Any CPU
		{97D10E8D-B124-4621-8CBD-19ED2D6BA2F9}.Release|Any CPU.Build.0 = Release|Any CPU
		{EFAB3F03-707D-491B-828E-9E9BFAA0FABF}.Debug|Any CPU.ActiveCfg = Debug|Any CPU
		{EFAB3F03-707D-491B-828E-9E9BFAA0FABF}.Debug|Any CPU.Build.0 = Debug|Any CPU
		{EFAB3F03-707D-491B-828E-9E9BFAA0FABF}.Release|Any CPU.ActiveCfg = Release|Any CPU
		{EFAB3F03-707D-491B-828E-9E9BFAA0FABF}.Release|Any CPU.Build.0 = Release|Any CPU
		{EB476EB8-B7F1-4CC2-B941-7362EB4FA50A}.Debug|Any CPU.ActiveCfg = Debug|Any CPU
		{EB476EB8-B7F1-4CC2-B941-7362EB4FA50A}.Debug|Any CPU.Build.0 = Debug|Any CPU
		{EB476EB8-B7F1-4CC2-B941-7362EB4FA50A}.Release|Any CPU.ActiveCfg = Release|Any CPU
		{EB476EB8-B7F1-4CC2-B941-7362EB4FA50A}.Release|Any CPU.Build.0 = Release|Any CPU
	EndGlobalSection
	GlobalSection(SolutionProperties) = preSolution
		HideSolutionNode = FALSE
	EndGlobalSection
EndGlobal
